// !$*UTF8*$!
{
	archiveVersion = 1;
	classes = {
	};
	objectVersion = 48;
	objects = {

/* Begin PBXBuildFile section */
		5A67955C1F1C4A74007142B2 /* AppDelegate.swift in Sources */ = {isa = PBXBuildFile; fileRef = 5A67955B1F1C4A74007142B2 /* AppDelegate.swift */; };
		5A67955E1F1C4A74007142B2 /* ViewController.swift in Sources */ = {isa = PBXBuildFile; fileRef = 5A67955D1F1C4A74007142B2 /* ViewController.swift */; };
		5A6795611F1C4A74007142B2 /* Main.storyboard in Resources */ = {isa = PBXBuildFile; fileRef = 5A67955F1F1C4A74007142B2 /* Main.storyboard */; };
		5A6795631F1C4A74007142B2 /* Assets.xcassets in Resources */ = {isa = PBXBuildFile; fileRef = 5A6795621F1C4A74007142B2 /* Assets.xcassets */; };
		5A6795661F1C4A74007142B2 /* LaunchScreen.storyboard in Resources */ = {isa = PBXBuildFile; fileRef = 5A6795641F1C4A74007142B2 /* LaunchScreen.storyboard */; };
		5A6795851F1C7070007142B2 /* SQLite.framework in Frameworks */ = {isa = PBXBuildFile; fileRef = 5A6795781F1C7052007142B2 /* SQLite.framework */; };
		5A6795861F1C707F007142B2 /* SQLite.framework in Frameworks */ = {isa = PBXBuildFile; fileRef = 5A6795781F1C7052007142B2 /* SQLite.framework */; };
		5A6795871F1C707F007142B2 /* SQLite.framework in Embed Frameworks */ = {isa = PBXBuildFile; fileRef = 5A6795781F1C7052007142B2 /* SQLite.framework */; settings = {ATTRIBUTES = (CodeSignOnCopy, RemoveHeadersOnCopy, ); }; };
/* End PBXBuildFile section */

/* Begin PBXContainerItemProxy section */
		5A6795771F1C7052007142B2 /* PBXContainerItemProxy */ = {
			isa = PBXContainerItemProxy;
			containerPortal = 5A67956D1F1C7052007142B2 /* SQLite.xcodeproj */;
			proxyType = 2;
			remoteGlobalIDString = EE247AD31C3F04ED00AE3E12;
			remoteInfo = "SQLite iOS";
		};
		5A6795791F1C7052007142B2 /* PBXContainerItemProxy */ = {
			isa = PBXContainerItemProxy;
			containerPortal = 5A67956D1F1C7052007142B2 /* SQLite.xcodeproj */;
			proxyType = 2;
			remoteGlobalIDString = EE247ADD1C3F04ED00AE3E12;
			remoteInfo = "SQLiteTests iOS";
		};
		5A67957B1F1C7052007142B2 /* PBXContainerItemProxy */ = {
			isa = PBXContainerItemProxy;
			containerPortal = 5A67956D1F1C7052007142B2 /* SQLite.xcodeproj */;
			proxyType = 2;
			remoteGlobalIDString = EE247B3C1C3F3ED000AE3E12;
			remoteInfo = "SQLite Mac";
		};
		5A67957D1F1C7052007142B2 /* PBXContainerItemProxy */ = {
			isa = PBXContainerItemProxy;
			containerPortal = 5A67956D1F1C7052007142B2 /* SQLite.xcodeproj */;
			proxyType = 2;
			remoteGlobalIDString = EE247B451C3F3ED000AE3E12;
			remoteInfo = "SQLiteTests Mac";
		};
		5A67957F1F1C7052007142B2 /* PBXContainerItemProxy */ = {
			isa = PBXContainerItemProxy;
			containerPortal = 5A67956D1F1C7052007142B2 /* SQLite.xcodeproj */;
			proxyType = 2;
			remoteGlobalIDString = 03A65E5A1C6BB0F50062603F;
			remoteInfo = "SQLite tvOS";
		};
		5A6795811F1C7052007142B2 /* PBXContainerItemProxy */ = {
			isa = PBXContainerItemProxy;
			containerPortal = 5A67956D1F1C7052007142B2 /* SQLite.xcodeproj */;
			proxyType = 2;
			remoteGlobalIDString = 03A65E631C6BB0F60062603F;
			remoteInfo = "SQLiteTests tvOS";
		};
		5A6795831F1C7052007142B2 /* PBXContainerItemProxy */ = {
			isa = PBXContainerItemProxy;
			containerPortal = 5A67956D1F1C7052007142B2 /* SQLite.xcodeproj */;
			proxyType = 2;
			remoteGlobalIDString = A121AC451CA35C79005A31D1;
			remoteInfo = "SQLite watchOS";
		};
		5A6795881F1C707F007142B2 /* PBXContainerItemProxy */ = {
			isa = PBXContainerItemProxy;
			containerPortal = 5A67956D1F1C7052007142B2 /* SQLite.xcodeproj */;
			proxyType = 1;
			remoteGlobalIDString = EE247AD21C3F04ED00AE3E12;
			remoteInfo = "SQLite iOS";
		};
/* End PBXContainerItemProxy section */

/* Begin PBXCopyFilesBuildPhase section */
		5A67958A1F1C7080007142B2 /* Embed Frameworks */ = {
			isa = PBXCopyFilesBuildPhase;
			buildActionMask = 2147483647;
			dstPath = "";
			dstSubfolderSpec = 10;
			files = (
				5A6795871F1C707F007142B2 /* SQLite.framework in Embed Frameworks */,
			);
			name = "Embed Frameworks";
			runOnlyForDeploymentPostprocessing = 0;
		};
/* End PBXCopyFilesBuildPhase section */

/* Begin PBXFileReference section */
		5A6795581F1C4A74007142B2 /* Sequel Lite.app */ = {isa = PBXFileReference; explicitFileType = wrapper.application; includeInIndex = 0; path = "Sequel Lite.app"; sourceTree = BUILT_PRODUCTS_DIR; };
		5A67955B1F1C4A74007142B2 /* AppDelegate.swift */ = {isa = PBXFileReference; lastKnownFileType = sourcecode.swift; path = AppDelegate.swift; sourceTree = "<group>"; };
		5A67955D1F1C4A74007142B2 /* ViewController.swift */ = {isa = PBXFileReference; lastKnownFileType = sourcecode.swift; path = ViewController.swift; sourceTree = "<group>"; };
		5A6795601F1C4A74007142B2 /* Base */ = {isa = PBXFileReference; lastKnownFileType = file.storyboard; name = Base; path = Base.lproj/Main.storyboard; sourceTree = "<group>"; };
		5A6795621F1C4A74007142B2 /* Assets.xcassets */ = {isa = PBXFileReference; lastKnownFileType = folder.assetcatalog; path = Assets.xcassets; sourceTree = "<group>"; };
		5A6795651F1C4A74007142B2 /* Base */ = {isa = PBXFileReference; lastKnownFileType = file.storyboard; name = Base; path = Base.lproj/LaunchScreen.storyboard; sourceTree = "<group>"; };
		5A6795671F1C4A74007142B2 /* Info.plist */ = {isa = PBXFileReference; lastKnownFileType = text.plist.xml; path = Info.plist; sourceTree = "<group>"; };
		5A67956D1F1C7052007142B2 /* SQLite.xcodeproj */ = {isa = PBXFileReference; lastKnownFileType = "wrapper.pb-project"; name = SQLite.xcodeproj; path = "../../SQLite.swift-swift-4/SQLite.xcodeproj"; sourceTree = "<group>"; };
/* End PBXFileReference section */

/* Begin PBXFrameworksBuildPhase section */
		5A6795551F1C4A74007142B2 /* Frameworks */ = {
			isa = PBXFrameworksBuildPhase;
			buildActionMask = 2147483647;
			files = (
				5A6795861F1C707F007142B2 /* SQLite.framework in Frameworks */,
				5A6795851F1C7070007142B2 /* SQLite.framework in Frameworks */,
			);
			runOnlyForDeploymentPostprocessing = 0;
		};
/* End PBXFrameworksBuildPhase section */

/* Begin PBXGroup section */
		5A67954F1F1C4A74007142B2 = {
			isa = PBXGroup;
			children = (
				5A67955A1F1C4A74007142B2 /* Sequel Lite */,
				5A6795591F1C4A74007142B2 /* Products */,
				5A67956D1F1C7052007142B2 /* SQLite.xcodeproj */,
			);
			sourceTree = "<group>";
		};
		5A6795591F1C4A74007142B2 /* Products */ = {
			isa = PBXGroup;
			children = (
				5A6795581F1C4A74007142B2 /* Sequel Lite.app */,
			);
			name = Products;
			sourceTree = "<group>";
		};
		5A67955A1F1C4A74007142B2 /* Sequel Lite */ = {
			isa = PBXGroup;
			children = (
				5A67955B1F1C4A74007142B2 /* AppDelegate.swift */,
				5A67955D1F1C4A74007142B2 /* ViewController.swift */,
				5A67955F1F1C4A74007142B2 /* Main.storyboard */,
				5A6795621F1C4A74007142B2 /* Assets.xcassets */,
				5A6795641F1C4A74007142B2 /* LaunchScreen.storyboard */,
				5A6795671F1C4A74007142B2 /* Info.plist */,
			);
			path = "Sequel Lite";
			sourceTree = "<group>";
		};
		5A67956E1F1C7052007142B2 /* Products */ = {
			isa = PBXGroup;
			children = (
				5A6795781F1C7052007142B2 /* SQLite.framework */,
				5A67957A1F1C7052007142B2 /* SQLiteTests iOS.xctest */,
				5A67957C1F1C7052007142B2 /* SQLite.framework */,
				5A67957E1F1C7052007142B2 /* SQLiteTests Mac.xctest */,
				5A6795801F1C7052007142B2 /* SQLite.framework */,
				5A6795821F1C7052007142B2 /* SQLiteTests tvOS.xctest */,
				5A6795841F1C7052007142B2 /* SQLite.framework */,
			);
			name = Products;
			sourceTree = "<group>";
		};
/* End PBXGroup section */

/* Begin PBXNativeTarget section */
		5A6795571F1C4A74007142B2 /* Sequel Lite */ = {
			isa = PBXNativeTarget;
			buildConfigurationList = 5A67956A1F1C4A74007142B2 /* Build configuration list for PBXNativeTarget "Sequel Lite" */;
			buildPhases = (
				5A6795541F1C4A74007142B2 /* Sources */,
				5A6795551F1C4A74007142B2 /* Frameworks */,
				5A6795561F1C4A74007142B2 /* Resources */,
				5A67958A1F1C7080007142B2 /* Embed Frameworks */,
			);
			buildRules = (
			);
			dependencies = (
				5A6795891F1C707F007142B2 /* PBXTargetDependency */,
			);
			name = "Sequel Lite";
			productName = "Sequel Lite";
			productReference = 5A6795581F1C4A74007142B2 /* Sequel Lite.app */;
			productType = "com.apple.product-type.application";
		};
/* End PBXNativeTarget section */

/* Begin PBXProject section */
		5A6795501F1C4A74007142B2 /* Project object */ = {
			isa = PBXProject;
			attributes = {
				LastSwiftUpdateCheck = 0900;
				LastUpgradeCheck = 0900;
				ORGANIZATIONNAME = "Kyle Lee";
				TargetAttributes = {
					5A6795571F1C4A74007142B2 = {
						CreatedOnToolsVersion = 9.0;
					};
				};
			};
			buildConfigurationList = 5A6795531F1C4A74007142B2 /* Build configuration list for PBXProject "Sequel Lite" */;
			compatibilityVersion = "Xcode 8.0";
			developmentRegion = en;
			hasScannedForEncodings = 0;
			knownRegions = (
				en,
				Base,
			);
			mainGroup = 5A67954F1F1C4A74007142B2;
			productRefGroup = 5A6795591F1C4A74007142B2 /* Products */;
			projectDirPath = "";
			projectReferences = (
				{
					ProductGroup = 5A67956E1F1C7052007142B2 /* Products */;
					ProjectRef = 5A67956D1F1C7052007142B2 /* SQLite.xcodeproj */;
				},
			);
			projectRoot = "";
			targets = (
				5A6795571F1C4A74007142B2 /* Sequel Lite */,
			);
		};
/* End PBXProject section */

/* Begin PBXReferenceProxy section */
		5A6795781F1C7052007142B2 /* SQLite.framework */ = {
			isa = PBXReferenceProxy;
			fileType = wrapper.framework;
			path = SQLite.framework;
			remoteRef = 5A6795771F1C7052007142B2 /* PBXContainerItemProxy */;
			sourceTree = BUILT_PRODUCTS_DIR;
		};
		5A67957A1F1C7052007142B2 /* SQLiteTests iOS.xctest */ = {
			isa = PBXReferenceProxy;
			fileType = wrapper.cfbundle;
			path = "SQLiteTests iOS.xctest";
			remoteRef = 5A6795791F1C7052007142B2 /* PBXContainerItemProxy */;
			sourceTree = BUILT_PRODUCTS_DIR;
		};
		5A67957C1F1C7052007142B2 /* SQLite.framework */ = {
			isa = PBXReferenceProxy;
			fileType = wrapper.framework;
			path = SQLite.framework;
			remoteRef = 5A67957B1F1C7052007142B2 /* PBXContainerItemProxy */;
			sourceTree = BUILT_PRODUCTS_DIR;
		};
		5A67957E1F1C7052007142B2 /* SQLiteTests Mac.xctest */ = {
			isa = PBXReferenceProxy;
			fileType = wrapper.cfbundle;
			path = "SQLiteTests Mac.xctest";
			remoteRef = 5A67957D1F1C7052007142B2 /* PBXContainerItemProxy */;
			sourceTree = BUILT_PRODUCTS_DIR;
		};
		5A6795801F1C7052007142B2 /* SQLite.framework */ = {
			isa = PBXReferenceProxy;
			fileType = wrapper.framework;
			path = SQLite.framework;
			remoteRef = 5A67957F1F1C7052007142B2 /* PBXContainerItemProxy */;
			sourceTree = BUILT_PRODUCTS_DIR;
		};
		5A6795821F1C7052007142B2 /* SQLiteTests tvOS.xctest */ = {
			isa = PBXReferenceProxy;
			fileType = wrapper.cfbundle;
			path = "SQLiteTests tvOS.xctest";
			remoteRef = 5A6795811F1C7052007142B2 /* PBXContainerItemProxy */;
			sourceTree = BUILT_PRODUCTS_DIR;
		};
		5A6795841F1C7052007142B2 /* SQLite.framework */ = {
			isa = PBXReferenceProxy;
			fileType = wrapper.framework;
			path = SQLite.framework;
			remoteRef = 5A6795831F1C7052007142B2 /* PBXContainerItemProxy */;
			sourceTree = BUILT_PRODUCTS_DIR;
		};
/* End PBXReferenceProxy section */

/* Begin PBXResourcesBuildPhase section */
		5A6795561F1C4A74007142B2 /* Resources */ = {
			isa = PBXResourcesBuildPhase;
			buildActionMask = 2147483647;
			files = (
				5A6795661F1C4A74007142B2 /* LaunchScreen.storyboard in Resources */,
				5A6795631F1C4A74007142B2 /* Assets.xcassets in Resources */,
				5A6795611F1C4A74007142B2 /* Main.storyboard in Resources */,
			);
			runOnlyForDeploymentPostprocessing = 0;
		};
/* End PBXResourcesBuildPhase section */

/* Begin PBXSourcesBuildPhase section */
		5A6795541F1C4A74007142B2 /* Sources */ = {
			isa = PBXSourcesBuildPhase;
			buildActionMask = 2147483647;
			files = (
				5A67955E1F1C4A74007142B2 /* ViewController.swift in Sources */,
				5A67955C1F1C4A74007142B2 /* AppDelegate.swift in Sources */,
			);
			runOnlyForDeploymentPostprocessing = 0;
		};
/* End PBXSourcesBuildPhase section */

/* Begin PBXTargetDependency section */
		5A6795891F1C707F007142B2 /* PBXTargetDependency */ = {
			isa = PBXTargetDependency;
			name = "SQLite iOS";
			targetProxy = 5A6795881F1C707F007142B2 /* PBXContainerItemProxy */;
		};
/* End PBXTargetDependency section */

/* Begin PBXVariantGroup section */
		5A67955F1F1C4A74007142B2 /* Main.storyboard */ = {
			isa = PBXVariantGroup;
			children = (
				5A6795601F1C4A74007142B2 /* Base */,
			);
			name = Main.storyboard;
			sourceTree = "<group>";
		};
		5A6795641F1C4A74007142B2 /* LaunchScreen.storyboard */ = {
			isa = PBXVariantGroup;
			children = (
				5A6795651F1C4A74007142B2 /* Base */,
			);
			name = LaunchScreen.storyboard;
			sourceTree = "<group>";
		};
/* End PBXVariantGroup section */

/* Begin XCBuildConfiguration section */
		5A6795681F1C4A74007142B2 /* Debug */ = {
			isa = XCBuildConfiguration;
			buildSettings = {
				ALWAYS_SEARCH_USER_PATHS = NO;
				CLANG_ANALYZER_NONNULL = YES;
				CLANG_ANALYZER_NUMBER_OBJECT_CONVERSION = YES_AGGRESSIVE;
				CLANG_CXX_LANGUAGE_STANDARD = "gnu++14";
				CLANG_CXX_LIBRARY = "libc++";
				CLANG_ENABLE_MODULES = YES;
				CLANG_ENABLE_OBJC_ARC = YES;
				CLANG_WARN_BLOCK_CAPTURE_AUTORELEASING = YES;
				CLANG_WARN_BOOL_CONVERSION = YES;
				CLANG_WARN_COMMA = YES;
				CLANG_WARN_CONSTANT_CONVERSION = YES;
				CLANG_WARN_DIRECT_OBJC_ISA_USAGE = YES_ERROR;
				CLANG_WARN_DOCUMENTATION_COMMENTS = YES;
				CLANG_WARN_EMPTY_BODY = YES;
				CLANG_WARN_ENUM_CONVERSION = YES;
				CLANG_WARN_INFINITE_RECURSION = YES;
				CLANG_WARN_INT_CONVERSION = YES;
				CLANG_WARN_OBJC_ROOT_CLASS = YES_ERROR;
				CLANG_WARN_RANGE_LOOP_ANALYSIS = YES;
				CLANG_WARN_STRICT_PROTOTYPES = YES;
				CLANG_WARN_SUSPICIOUS_MOVE = YES;
				CLANG_WARN_UNGUARDED_AVAILABILITY = YES_AGGRESSIVE;
				CLANG_WARN_UNREACHABLE_CODE = YES;
				CLANG_WARN__DUPLICATE_METHOD_MATCH = YES;
				CODE_SIGN_IDENTITY = "iPhone Developer";
				COPY_PHASE_STRIP = NO;
				DEBUG_INFORMATION_FORMAT = dwarf;
				ENABLE_STRICT_OBJC_MSGSEND = YES;
				ENABLE_TESTABILITY = YES;
				GCC_C_LANGUAGE_STANDARD = gnu11;
				GCC_DYNAMIC_NO_PIC = NO;
				GCC_NO_COMMON_BLOCKS = YES;
				GCC_OPTIMIZATION_LEVEL = 0;
				GCC_PREPROCESSOR_DEFINITIONS = (
					"DEBUG=1",
					"$(inherited)",
				);
				GCC_WARN_64_TO_32_BIT_CONVERSION = YES;
				GCC_WARN_ABOUT_RETURN_TYPE = YES_ERROR;
				GCC_WARN_UNDECLARED_SELECTOR = YES;
				GCC_WARN_UNINITIALIZED_AUTOS = YES_AGGRESSIVE;
				GCC_WARN_UNUSED_FUNCTION = YES;
				GCC_WARN_UNUSED_VARIABLE = YES;
				IPHONEOS_DEPLOYMENT_TARGET = 11.0;
				MTL_ENABLE_DEBUG_INFO = YES;
				ONLY_ACTIVE_ARCH = YES;
				SDKROOT = iphoneos;
				SWIFT_ACTIVE_COMPILATION_CONDITIONS = DEBUG;
				SWIFT_OPTIMIZATION_LEVEL = "-Onone";
			};
			name = Debug;
		};
		5A6795691F1C4A74007142B2 /* Release */ = {
			isa = XCBuildConfiguration;
			buildSettings = {
				ALWAYS_SEARCH_USER_PATHS = NO;
				CLANG_ANALYZER_NONNULL = YES;
				CLANG_ANALYZER_NUMBER_OBJECT_CONVERSION = YES_AGGRESSIVE;
				CLANG_CXX_LANGUAGE_STANDARD = "gnu++14";
				CLANG_CXX_LIBRARY = "libc++";
				CLANG_ENABLE_MODULES = YES;
				CLANG_ENABLE_OBJC_ARC = YES;
				CLANG_WARN_BLOCK_CAPTURE_AUTORELEASING = YES;
				CLANG_WARN_BOOL_CONVERSION = YES;
				CLANG_WARN_COMMA = YES;
				CLANG_WARN_CONSTANT_CONVERSION = YES;
				CLANG_WARN_DIRECT_OBJC_ISA_USAGE = YES_ERROR;
				CLANG_WARN_DOCUMENTATION_COMMENTS = YES;
				CLANG_WARN_EMPTY_BODY = YES;
				CLANG_WARN_ENUM_CONVERSION = YES;
				CLANG_WARN_INFINITE_RECURSION = YES;
				CLANG_WARN_INT_CONVERSION = YES;
				CLANG_WARN_OBJC_ROOT_CLASS = YES_ERROR;
				CLANG_WARN_RANGE_LOOP_ANALYSIS = YES;
				CLANG_WARN_STRICT_PROTOTYPES = YES;
				CLANG_WARN_SUSPICIOUS_MOVE = YES;
				CLANG_WARN_UNGUARDED_AVAILABILITY = YES_AGGRESSIVE;
				CLANG_WARN_UNREACHABLE_CODE = YES;
				CLANG_WARN__DUPLICATE_METHOD_MATCH = YES;
				CODE_SIGN_IDENTITY = "iPhone Developer";
				COPY_PHASE_STRIP = NO;
				DEBUG_INFORMATION_FORMAT = "dwarf-with-dsym";
				ENABLE_NS_ASSERTIONS = NO;
				ENABLE_STRICT_OBJC_MSGSEND = YES;
				GCC_C_LANGUAGE_STANDARD = gnu11;
				GCC_NO_COMMON_BLOCKS = YES;
				GCC_WARN_64_TO_32_BIT_CONVERSION = YES;
				GCC_WARN_ABOUT_RETURN_TYPE = YES_ERROR;
				GCC_WARN_UNDECLARED_SELECTOR = YES;
				GCC_WARN_UNINITIALIZED_AUTOS = YES_AGGRESSIVE;
				GCC_WARN_UNUSED_FUNCTION = YES;
				GCC_WARN_UNUSED_VARIABLE = YES;
				IPHONEOS_DEPLOYMENT_TARGET = 11.0;
				MTL_ENABLE_DEBUG_INFO = NO;
				SDKROOT = iphoneos;
				SWIFT_OPTIMIZATION_LEVEL = "-Owholemodule";
				VALIDATE_PRODUCT = YES;
			};
			name = Release;
		};
		5A67956B1F1C4A74007142B2 /* Debug */ = {
			isa = XCBuildConfiguration;
			buildSettings = {
				ALWAYS_EMBED_SWIFT_STANDARD_LIBRARIES = YES;
				ASSETCATALOG_COMPILER_APPICON_NAME = AppIcon;
				DEVELOPMENT_TEAM = 5K99777NES;
				INFOPLIST_FILE = "Sequel Lite/Info.plist";
				LD_RUNPATH_SEARCH_PATHS = "$(inherited) @executable_path/Frameworks";
				PRODUCT_BUNDLE_IDENTIFIER = "com.kiloloco.Sequel-Lite";
				PRODUCT_NAME = "$(TARGET_NAME)";
				SWIFT_VERSION = 4.0;
				TARGETED_DEVICE_FAMILY = "1,2";
			};
			name = Debug;
		};
		5A67956C1F1C4A74007142B2 /* Release */ = {
			isa = XCBuildConfiguration;
			buildSettings = {
				ALWAYS_EMBED_SWIFT_STANDARD_LIBRARIES = YES;
				ASSETCATALOG_COMPILER_APPICON_NAME = AppIcon;
				DEVELOPMENT_TEAM = 5K99777NES;
				INFOPLIST_FILE = "Sequel Lite/Info.plist";
				LD_RUNPATH_SEARCH_PATHS = "$(inherited) @executable_path/Frameworks";
				PRODUCT_BUNDLE_IDENTIFIER = "com.kiloloco.Sequel-Lite";
				PRODUCT_NAME = "$(TARGET_NAME)";
				SWIFT_VERSION = 4.0;
				TARGETED_DEVICE_FAMILY = "1,2";
			};
			name = Release;
		};
/* End XCBuildConfiguration section */

/* Begin XCConfigurationList section */
		5A6795531F1C4A74007142B2 /* Build configuration list for PBXProject "Sequel Lite" */ = {
			isa = XCConfigurationList;
			buildConfigurations = (
				5A6795681F1C4A74007142B2 /* Debug */,
				5A6795691F1C4A74007142B2 /* Release */,
			);
			defaultConfigurationIsVisible = 0;
			defaultConfigurationName = Release;
		};
		5A67956A1F1C4A74007142B2 /* Build configuration list for PBXNativeTarget "Sequel Lite" */ = {
			isa = XCConfigurationList;
			buildConfigurations = (
				5A67956B1F1C4A74007142B2 /* Debug */,
				5A67956C1F1C4A74007142B2 /* Release */,
			);
			defaultConfigurationIsVisible = 0;
		};
/* End XCConfigurationList section */
	};
	rootObject = 5A6795501F1C4A74007142B2 /* Project object */;
}
